
Microsoft Visual Studio Solution File, Format Version 12.00
# Visual Studio 14
VisualStudioVersion = 14.0.25420.1
MinimumVisualStudioVersion = 10.0.40219.1
Project("{FAE04EC0-301F-11D3-BF4B-00C04F79EFBC}") = "Main", "Main\Main.csproj", "{556E191C-0036-4398-8B83-9B394621E4B1}"
EndProject
Project("{FAE04EC0-301F-11D3-BF4B-00C04F79EFBC}") = "Tests", "Tests\Tests.csproj", "{59394FD3-4A86-4C2D-9478-29A33D3DF347}"
EndProject
Project("{FAE04EC0-301F-11D3-BF4B-00C04F79EFBC}") = "Archivos", "Archivos\Archivos.csproj", "{F584B714-ECC4-4267-A938-38871599E91D}"
EndProject
Project("{FAE04EC0-301F-11D3-BF4B-00C04F79EFBC}") = "Clases Abstractas", "Clases Abstractas\Clases Abstractas.csproj", "{C3983E3A-55AD-4589-AE39-A2ECF2C7EF85}"
EndProject
Project("{FAE04EC0-301F-11D3-BF4B-00C04F79EFBC}") = "Clases Instanciables", "Clases Instanciables\Clases Instanciables.csproj", "{DEFE603B-B65D-45CF-AF6F-7C5710954101}"
EndProject
Project("{FAE04EC0-301F-11D3-BF4B-00C04F79EFBC}") = "Excepciones", "Excepciones\Excepciones.csproj", "{FF375F62-DF59-4C96-AC98-AA39E6490B61}"
EndProject
Global
	GlobalSection(SolutionConfigurationPlatforms) = preSolution
		Debug|Any CPU = Debug|Any CPU
		Debug|ARM = Debug|ARM
		Debug|x64 = Debug|x64
		Debug|x86 = Debug|x86
		Release|Any CPU = Release|Any CPU
		Release|ARM = Release|ARM
		Release|x64 = Release|x64
		Release|x86 = Release|x86
	EndGlobalSection
	GlobalSection(ProjectConfigurationPlatforms) = postSolution
		{556E191C-0036-4398-8B83-9B394621E4B1}.Debug|Any CPU.ActiveCfg = Debug|Any CPU
		{556E191C-0036-4398-8B83-9B394621E4B1}.Debug|Any CPU.Build.0 = Debug|Any CPU
		{556E191C-0036-4398-8B83-9B394621E4B1}.Debug|ARM.ActiveCfg = Debug|Any CPU
		{556E191C-0036-4398-8B83-9B394621E4B1}.Debug|ARM.Build.0 = Debug|Any CPU
		{556E191C-0036-4398-8B83-9B394621E4B1}.Debug|x64.ActiveCfg = Debug|Any CPU
		{556E191C-0036-4398-8B83-9B394621E4B1}.Debug|x64.Build.0 = Debug|Any CPU
		{556E191C-0036-4398-8B83-9B394621E4B1}.Debug|x86.ActiveCfg = Debug|Any CPU
		{556E191C-0036-4398-8B83-9B394621E4B1}.Debug|x86.Build.0 = Debug|Any CPU
		{556E191C-0036-4398-8B83-9B394621E4B1}.Release|Any CPU.ActiveCfg = Release|Any CPU
		{556E191C-0036-4398-8B83-9B394621E4B1}.Release|Any CPU.Build.0 = Release|Any CPU
		{556E191C-0036-4398-8B83-9B394621E4B1}.Release|ARM.ActiveCfg = Release|Any CPU
		{556E191C-0036-4398-8B83-9B394621E4B1}.Release|ARM.Build.0 = Release|Any CPU
		{556E191C-0036-4398-8B83-9B394621E4B1}.Release|x64.ActiveCfg = Release|Any CPU
		{556E191C-0036-4398-8B83-9B394621E4B1}.Release|x64.Build.0 = Release|Any CPU
		{556E191C-0036-4398-8B83-9B394621E4B1}.Release|x86.ActiveCfg = Release|Any CPU
		{556E191C-0036-4398-8B83-9B394621E4B1}.Release|x86.Build.0 = Release|Any CPU
		{59394FD3-4A86-4C2D-9478-29A33D3DF347}.Debug|Any CPU.ActiveCfg = Debug|Any CPU
		{59394FD3-4A86-4C2D-9478-29A33D3DF347}.Debug|Any CPU.Build.0 = Debug|Any CPU
		{59394FD3-4A86-4C2D-9478-29A33D3DF347}.Debug|ARM.ActiveCfg = Debug|Any CPU
		{59394FD3-4A86-4C2D-9478-29A33D3DF347}.Debug|ARM.Build.0 = Debug|Any CPU
		{59394FD3-4A86-4C2D-9478-29A33D3DF347}.Debug|x64.ActiveCfg = Debug|Any CPU
		{59394FD3-4A86-4C2D-9478-29A33D3DF347}.Debug|x64.Build.0 = Debug|Any CPU
		{59394FD3-4A86-4C2D-9478-29A33D3DF347}.Debug|x86.ActiveCfg = Debug|Any CPU
		{59394FD3-4A86-4C2D-9478-29A33D3DF347}.Debug|x86.Build.0 = Debug|Any CPU
		{59394FD3-4A86-4C2D-9478-29A33D3DF347}.Release|Any CPU.ActiveCfg = Release|Any CPU
		{59394FD3-4A86-4C2D-9478-29A33D3DF347}.Release|Any CPU.Build.0 = Release|Any CPU
		{59394FD3-4A86-4C2D-9478-29A33D3DF347}.Release|ARM.ActiveCfg = Release|Any CPU
		{59394FD3-4A86-4C2D-9478-29A33D3DF347}.Release|ARM.Build.0 = Release|Any CPU
		{59394FD3-4A86-4C2D-9478-29A33D3DF347}.Release|x64.ActiveCfg = Release|Any CPU
		{59394FD3-4A86-4C2D-9478-29A33D3DF347}.Release|x64.Build.0 = Release|Any CPU
		{59394FD3-4A86-4C2D-9478-29A33D3DF347}.Release|x86.ActiveCfg = Release|Any CPU
		{59394FD3-4A86-4C2D-9478-29A33D3DF347}.Release|x86.Build.0 = Release|Any CPU
		{F584B714-ECC4-4267-A938-38871599E91D}.Debug|Any CPU.ActiveCfg = Debug|Any CPU
		{F584B714-ECC4-4267-A938-38871599E91D}.Debug|Any CPU.Build.0 = Debug|Any CPU
		{F584B714-ECC4-4267-A938-38871599E91D}.Debug|ARM.ActiveCfg = Debug|Any CPU
		{F584B714-ECC4-4267-A938-38871599E91D}.Debug|ARM.Build.0 = Debug|Any CPU
		{F584B714-ECC4-4267-A938-38871599E91D}.Debug|x64.ActiveCfg = Debug|Any CPU
		{F584B714-ECC4-4267-A938-38871599E91D}.Debug|x64.Build.0 = Debug|Any CPU
		{F584B714-ECC4-4267-A938-38871599E91D}.Debug|x86.ActiveCfg = Debug|Any CPU
		{F584B714-ECC4-4267-A938-38871599E91D}.Debug|x86.Build.0 = Debug|Any CPU
		{F584B714-ECC4-4267-A938-38871599E91D}.Release|Any CPU.ActiveCfg = Release|Any CPU
		{F584B714-ECC4-4267-A938-38871599E91D}.Release|Any CPU.Build.0 = Release|Any CPU
		{F584B714-ECC4-4267-A938-38871599E91D}.Release|ARM.ActiveCfg = Release|Any CPU
		{F584B714-ECC4-4267-A938-38871599E91D}.Release|ARM.Build.0 = Release|Any CPU
		{F584B714-ECC4-4267-A938-38871599E91D}.Release|x64.ActiveCfg = Release|Any CPU
		{F584B714-ECC4-4267-A938-38871599E91D}.Release|x64.Build.0 = Release|Any CPU
		{F584B714-ECC4-4267-A938-38871599E91D}.Release|x86.ActiveCfg = Release|Any CPU
		{F584B714-ECC4-4267-A938-38871599E91D}.Release|x86.Build.0 = Release|Any CPU
		{C3983E3A-55AD-4589-AE39-A2ECF2C7EF85}.Debug|Any CPU.ActiveCfg = Debug|Any CPU
		{C3983E3A-55AD-4589-AE39-A2ECF2C7EF85}.Debug|Any CPU.Build.0 = Debug|Any CPU
		{C3983E3A-55AD-4589-AE39-A2ECF2C7EF85}.Debug|ARM.ActiveCfg = Debug|Any CPU
		{C3983E3A-55AD-4589-AE39-A2ECF2C7EF85}.Debug|ARM.Build.0 = Debug|Any CPU
		{C3983E3A-55AD-4589-AE39-A2ECF2C7EF85}.Debug|x64.ActiveCfg = Debug|Any CPU
		{C3983E3A-55AD-4589-AE39-A2ECF2C7EF85}.Debug|x64.Build.0 = Debug|Any CPU
		{C3983E3A-55AD-4589-AE39-A2ECF2C7EF85}.Debug|x86.ActiveCfg = Debug|Any CPU
		{C3983E3A-55AD-4589-AE39-A2ECF2C7EF85}.Debug|x86.Build.0 = Debug|Any CPU
		{C3983E3A-55AD-4589-AE39-A2ECF2C7EF85}.Release|Any CPU.ActiveCfg = Release|Any CPU
		{C3983E3A-55AD-4589-AE39-A2ECF2C7EF85}.Release|Any CPU.Build.0 = Release|Any CPU
		{C3983E3A-55AD-4589-AE39-A2ECF2C7EF85}.Release|ARM.ActiveCfg = Release|Any CPU
		{C3983E3A-55AD-4589-AE39-A2ECF2C7EF85}.Release|ARM.Build.0 = Release|Any CPU
		{C3983E3A-55AD-4589-AE39-A2ECF2C7EF85}.Release|x64.ActiveCfg = Release|Any CPU
		{C3983E3A-55AD-4589-AE39-A2ECF2C7EF85}.Release|x64.Build.0 = Release|Any CPU
		{C3983E3A-55AD-4589-AE39-A2ECF2C7EF85}.Release|x86.ActiveCfg = Release|Any CPU
		{C3983E3A-55AD-4589-AE39-A2ECF2C7EF85}.Release|x86.Build.0 = Release|Any CPU
		{DEFE603B-B65D-45CF-AF6F-7C5710954101}.Debug|Any CPU.ActiveCfg = Debug|Any CPU
		{DEFE603B-B65D-45CF-AF6F-7C5710954101}.Debug|Any CPU.Build.0 = Debug|Any CPU
		{DEFE603B-B65D-45CF-AF6F-7C5710954101}.Debug|ARM.ActiveCfg = Debug|Any CPU
		{DEFE603B-B65D-45CF-AF6F-7C5710954101}.Debug|ARM.Build.0 = Debug|Any CPU
		{DEFE603B-B65D-45CF-AF6F-7C5710954101}.Debug|x64.ActiveCfg = Debug|Any CPU
		{DEFE603B-B65D-45CF-AF6F-7C5710954101}.Debug|x64.Build.0 = Debug|Any CPU
		{DEFE603B-B65D-45CF-AF6F-7C5710954101}.Debug|x86.ActiveCfg = Debug|Any CPU
		{DEFE603B-B65D-45CF-AF6F-7C5710954101}.Debug|x86.Build.0 = Debug|Any CPU
		{DEFE603B-B65D-45CF-AF6F-7C5710954101}.Release|Any CPU.ActiveCfg = Release|Any CPU
		{DEFE603B-B65D-45CF-AF6F-7C5710954101}.Release|Any CPU.Build.0 = Release|Any CPU
		{DEFE603B-B65D-45CF-AF6F-7C5710954101}.Release|ARM.ActiveCfg = Release|Any CPU
		{DEFE603B-B65D-45CF-AF6F-7C5710954101}.Release|ARM.Build.0 = Release|Any CPU
		{DEFE603B-B65D-45CF-AF6F-7C5710954101}.Release|x64.ActiveCfg = Release|Any CPU
		{DEFE603B-B65D-45CF-AF6F-7C5710954101}.Release|x64.Build.0 = Release|Any CPU
		{DEFE603B-B65D-45CF-AF6F-7C5710954101}.Release|x86.ActiveCfg = Release|Any CPU
		{DEFE603B-B65D-45CF-AF6F-7C5710954101}.Release|x86.Build.0 = Release|Any CPU
		{FF375F62-DF59-4C96-AC98-AA39E6490B61}.Debug|Any CPU.ActiveCfg = Debug|Any CPU
		{FF375F62-DF59-4C96-AC98-AA39E6490B61}.Debug|Any CPU.Build.0 = Debug|Any CPU
		{FF375F62-DF59-4C96-AC98-AA39E6490B61}.Debug|ARM.ActiveCfg = Debug|Any CPU
		{FF375F62-DF59-4C96-AC98-AA39E6490B61}.Debug|ARM.Build.0 = Debug|Any CPU
		{FF375F62-DF59-4C96-AC98-AA39E6490B61}.Debug|x64.ActiveCfg = Debug|Any CPU
		{FF375F62-DF59-4C96-AC98-AA39E6490B61}.Debug|x64.Build.0 = Debug|Any CPU
		{FF375F62-DF59-4C96-AC98-AA39E6490B61}.Debug|x86.ActiveCfg = Debug|Any CPU
		{FF375F62-DF59-4C96-AC98-AA39E6490B61}.Debug|x86.Build.0 = Debug|Any CPU
		{FF375F62-DF59-4C96-AC98-AA39E6490B61}.Release|Any CPU.ActiveCfg = Release|Any CPU
		{FF375F62-DF59-4C96-AC98-AA39E6490B61}.Release|Any CPU.Build.0 = Release|Any CPU
		{FF375F62-DF59-4C96-AC98-AA39E6490B61}.Release|ARM.ActiveCfg = Release|Any CPU
		{FF375F62-DF59-4C96-AC98-AA39E6490B61}.Release|ARM.Build.0 = Release|Any CPU
		{FF375F62-DF59-4C96-AC98-AA39E6490B61}.Release|x64.ActiveCfg = Release|Any CPU
		{FF375F62-DF59-4C96-AC98-AA39E6490B61}.Release|x64.Build.0 = Release|Any CPU
		{FF375F62-DF59-4C96-AC98-AA39E6490B61}.Release|x86.ActiveCfg = Release|Any CPU
		{FF375F62-DF59-4C96-AC98-AA39E6490B61}.Release|x86.Build.0 = Release|Any CPU
	EndGlobalSection
	GlobalSection(SolutionProperties) = preSolution
		HideSolutionNode = FALSE
	EndGlobalSection
EndGlobal
